
Microsoft Visual Studio Solution File, Format Version 12.00
# Visual Studio 15
VisualStudioVersion = 15.0.26124.0
MinimumVisualStudioVersion = 15.0.26124.0
Project("{FAE04EC0-301F-11D3-BF4B-00C04F79EFBC}") = "Yunyong.Core", "Yunyong.Core\Yunyong.Core.csproj", "{AB84D6CA-9E0B-4507-9743-451B6E3D5358}"
EndProject
Project("{2150E333-8FDC-42A3-9474-1A3956D46DE8}") = "EventBus", "EventBus", "{996657A9-54A2-4F49-880B-0F8D42129E01}"
EndProject
Project("{FAE04EC0-301F-11D3-BF4B-00C04F79EFBC}") = "Yunyong.EventBus", "EventBus\Yunyong.EventBus\Yunyong.EventBus.csproj", "{36DD206D-C272-45EA-8932-41D15037957A}"
EndProject
Project("{FAE04EC0-301F-11D3-BF4B-00C04F79EFBC}") = "Yunyong.EventBus.EasyNetQ", "EventBus\Yunyong.EventBus.EasyNetQ\Yunyong.EventBus.EasyNetQ.csproj", "{EDEBC8A1-A0A7-47DC-850B-15FB2D2F9768}"
EndProject
Project("{2150E333-8FDC-42A3-9474-1A3956D46DE8}") = "Cache", "Cache", "{F1950E21-2761-474F-8E07-BB21D24B65A0}"
EndProject
Project("{FAE04EC0-301F-11D3-BF4B-00C04F79EFBC}") = "Yunyong.Cache", "Cache\Yunyong.Cache\Yunyong.Cache.csproj", "{DAF3E51D-349B-496B-94C4-E7F9ED72C78D}"
EndProject
Project("{FAE04EC0-301F-11D3-BF4B-00C04F79EFBC}") = "Yunyong.Cache.Redis", "Cache\Yunyong.Cache.Redis\Yunyong.Cache.Redis.csproj", "{B6635B0C-2291-448B-B5AE-ED668DA2DF3B}"
EndProject
Project("{FAE04EC0-301F-11D3-BF4B-00C04F79EFBC}") = "Yunyong.Cache.Register", "Cache\Yunyong.Cache.Register\Yunyong.Cache.Register.csproj", "{4DF6A113-E67A-457C-9FCA-6AC8CDBFE365}"
EndProject
Project("{FAE04EC0-301F-11D3-BF4B-00C04F79EFBC}") = "Yunyong.SqlUtils", "Yunyong.SqlUtils\Yunyong.SqlUtils.csproj", "{C54B30E6-F38E-4E2E-9EE2-08035BBE6A6E}"
EndProject
Project("{FAE04EC0-301F-11D3-BF4B-00C04F79EFBC}") = "Yunyong.Mvc", "Yunyong.Mvc\Yunyong.Mvc.csproj", "{D21C1B64-DDC6-49D8-96C7-B6D9DE9707FC}"
EndProject
Project("{FAE04EC0-301F-11D3-BF4B-00C04F79EFBC}") = "Yunyong.DataExchange", "Yunyong.DataExchange\Yunyong.DataExchange.csproj", "{D0991F52-2047-40AE-9007-1205D8248359}"
EndProject
Global
	GlobalSection(SolutionConfigurationPlatforms) = preSolution
		Debug|Any CPU = Debug|Any CPU
		Debug|x64 = Debug|x64
		Debug|x86 = Debug|x86
		Release|Any CPU = Release|Any CPU
		Release|x64 = Release|x64
		Release|x86 = Release|x86
	EndGlobalSection
	GlobalSection(SolutionProperties) = preSolution
		HideSolutionNode = FALSE
	EndGlobalSection
	GlobalSection(ProjectConfigurationPlatforms) = postSolution
		{AB84D6CA-9E0B-4507-9743-451B6E3D5358}.Debug|Any CPU.ActiveCfg = Debug|Any CPU
		{AB84D6CA-9E0B-4507-9743-451B6E3D5358}.Debug|Any CPU.Build.0 = Debug|Any CPU
		{AB84D6CA-9E0B-4507-9743-451B6E3D5358}.Debug|x64.ActiveCfg = Debug|Any CPU
		{AB84D6CA-9E0B-4507-9743-451B6E3D5358}.Debug|x64.Build.0 = Debug|Any CPU
		{AB84D6CA-9E0B-4507-9743-451B6E3D5358}.Debug|x86.ActiveCfg = Debug|Any CPU
		{AB84D6CA-9E0B-4507-9743-451B6E3D5358}.Debug|x86.Build.0 = Debug|Any CPU
		{AB84D6CA-9E0B-4507-9743-451B6E3D5358}.Release|Any CPU.ActiveCfg = Release|Any CPU
		{AB84D6CA-9E0B-4507-9743-451B6E3D5358}.Release|Any CPU.Build.0 = Release|Any CPU
		{AB84D6CA-9E0B-4507-9743-451B6E3D5358}.Release|x64.ActiveCfg = Release|Any CPU
		{AB84D6CA-9E0B-4507-9743-451B6E3D5358}.Release|x64.Build.0 = Release|Any CPU
		{AB84D6CA-9E0B-4507-9743-451B6E3D5358}.Release|x86.ActiveCfg = Release|Any CPU
		{AB84D6CA-9E0B-4507-9743-451B6E3D5358}.Release|x86.Build.0 = Release|Any CPU
		{36DD206D-C272-45EA-8932-41D15037957A}.Debug|Any CPU.ActiveCfg = Debug|Any CPU
		{36DD206D-C272-45EA-8932-41D15037957A}.Debug|Any CPU.Build.0 = Debug|Any CPU
		{36DD206D-C272-45EA-8932-41D15037957A}.Debug|x64.ActiveCfg = Debug|Any CPU
		{36DD206D-C272-45EA-8932-41D15037957A}.Debug|x64.Build.0 = Debug|Any CPU
		{36DD206D-C272-45EA-8932-41D15037957A}.Debug|x86.ActiveCfg = Debug|Any CPU
		{36DD206D-C272-45EA-8932-41D15037957A}.Debug|x86.Build.0 = Debug|Any CPU
		{36DD206D-C272-45EA-8932-41D15037957A}.Release|Any CPU.ActiveCfg = Release|Any CPU
		{36DD206D-C272-45EA-8932-41D15037957A}.Release|Any CPU.Build.0 = Release|Any CPU
		{36DD206D-C272-45EA-8932-41D15037957A}.Release|x64.ActiveCfg = Release|Any CPU
		{36DD206D-C272-45EA-8932-41D15037957A}.Release|x64.Build.0 = Release|Any CPU
		{36DD206D-C272-45EA-8932-41D15037957A}.Release|x86.ActiveCfg = Release|Any CPU
		{36DD206D-C272-45EA-8932-41D15037957A}.Release|x86.Build.0 = Release|Any CPU
		{EDEBC8A1-A0A7-47DC-850B-15FB2D2F9768}.Debug|Any CPU.ActiveCfg = Debug|Any CPU
		{EDEBC8A1-A0A7-47DC-850B-15FB2D2F9768}.Debug|Any CPU.Build.0 = Debug|Any CPU
		{EDEBC8A1-A0A7-47DC-850B-15FB2D2F9768}.Debug|x64.ActiveCfg = Debug|Any CPU
		{EDEBC8A1-A0A7-47DC-850B-15FB2D2F9768}.Debug|x64.Build.0 = Debug|Any CPU
		{EDEBC8A1-A0A7-47DC-850B-15FB2D2F9768}.Debug|x86.ActiveCfg = Debug|Any CPU
		{EDEBC8A1-A0A7-47DC-850B-15FB2D2F9768}.Debug|x86.Build.0 = Debug|Any CPU
		{EDEBC8A1-A0A7-47DC-850B-15FB2D2F9768}.Release|Any CPU.ActiveCfg = Release|Any CPU
		{EDEBC8A1-A0A7-47DC-850B-15FB2D2F9768}.Release|Any CPU.Build.0 = Release|Any CPU
		{EDEBC8A1-A0A7-47DC-850B-15FB2D2F9768}.Release|x64.ActiveCfg = Release|Any CPU
		{EDEBC8A1-A0A7-47DC-850B-15FB2D2F9768}.Release|x64.Build.0 = Release|Any CPU
		{EDEBC8A1-A0A7-47DC-850B-15FB2D2F9768}.Release|x86.ActiveCfg = Release|Any CPU
		{EDEBC8A1-A0A7-47DC-850B-15FB2D2F9768}.Release|x86.Build.0 = Release|Any CPU
		{DAF3E51D-349B-496B-94C4-E7F9ED72C78D}.Debug|Any CPU.ActiveCfg = Debug|Any CPU
		{DAF3E51D-349B-496B-94C4-E7F9ED72C78D}.Debug|Any CPU.Build.0 = Debug|Any CPU
		{DAF3E51D-349B-496B-94C4-E7F9ED72C78D}.Debug|x64.ActiveCfg = Debug|Any CPU
		{DAF3E51D-349B-496B-94C4-E7F9ED72C78D}.Debug|x64.Build.0 = Debug|Any CPU
		{DAF3E51D-349B-496B-94C4-E7F9ED72C78D}.Debug|x86.ActiveCfg = Debug|Any CPU
		{DAF3E51D-349B-496B-94C4-E7F9ED72C78D}.Debug|x86.Build.0 = Debug|Any CPU
		{DAF3E51D-349B-496B-94C4-E7F9ED72C78D}.Release|Any CPU.ActiveCfg = Release|Any CPU
		{DAF3E51D-349B-496B-94C4-E7F9ED72C78D}.Release|Any CPU.Build.0 = Release|Any CPU
		{DAF3E51D-349B-496B-94C4-E7F9ED72C78D}.Release|x64.ActiveCfg = Release|Any CPU
		{DAF3E51D-349B-496B-94C4-E7F9ED72C78D}.Release|x64.Build.0 = Release|Any CPU
		{DAF3E51D-349B-496B-94C4-E7F9ED72C78D}.Release|x86.ActiveCfg = Release|Any CPU
		{DAF3E51D-349B-496B-94C4-E7F9ED72C78D}.Release|x86.Build.0 = Release|Any CPU
		{B6635B0C-2291-448B-B5AE-ED668DA2DF3B}.Debug|Any CPU.ActiveCfg = Debug|Any CPU
		{B6635B0C-2291-448B-B5AE-ED668DA2DF3B}.Debug|Any CPU.Build.0 = Debug|Any CPU
		{B6635B0C-2291-448B-B5AE-ED668DA2DF3B}.Debug|x64.ActiveCfg = Debug|Any CPU
		{B6635B0C-2291-448B-B5AE-ED668DA2DF3B}.Debug|x64.Build.0 = Debug|Any CPU
		{B6635B0C-2291-448B-B5AE-ED668DA2DF3B}.Debug|x86.ActiveCfg = Debug|Any CPU
		{B6635B0C-2291-448B-B5AE-ED668DA2DF3B}.Debug|x86.Build.0 = Debug|Any CPU
		{B6635B0C-2291-448B-B5AE-ED668DA2DF3B}.Release|Any CPU.ActiveCfg = Release|Any CPU
		{B6635B0C-2291-448B-B5AE-ED668DA2DF3B}.Release|Any CPU.Build.0 = Release|Any CPU
		{B6635B0C-2291-448B-B5AE-ED668DA2DF3B}.Release|x64.ActiveCfg = Release|Any CPU
		{B6635B0C-2291-448B-B5AE-ED668DA2DF3B}.Release|x64.Build.0 = Release|Any CPU
		{B6635B0C-2291-448B-B5AE-ED668DA2DF3B}.Release|x86.ActiveCfg = Release|Any CPU
		{B6635B0C-2291-448B-B5AE-ED668DA2DF3B}.Release|x86.Build.0 = Release|Any CPU
		{4DF6A113-E67A-457C-9FCA-6AC8CDBFE365}.Debug|Any CPU.ActiveCfg = Debug|Any CPU
		{4DF6A113-E67A-457C-9FCA-6AC8CDBFE365}.Debug|Any CPU.Build.0 = Debug|Any CPU
		{4DF6A113-E67A-457C-9FCA-6AC8CDBFE365}.Debug|x64.ActiveCfg = Debug|Any CPU
		{4DF6A113-E67A-457C-9FCA-6AC8CDBFE365}.Debug|x64.Build.0 = Debug|Any CPU
		{4DF6A113-E67A-457C-9FCA-6AC8CDBFE365}.Debug|x86.ActiveCfg = Debug|Any CPU
		{4DF6A113-E67A-457C-9FCA-6AC8CDBFE365}.Debug|x86.Build.0 = Debug|Any CPU
		{4DF6A113-E67A-457C-9FCA-6AC8CDBFE365}.Release|Any CPU.ActiveCfg = Release|Any CPU
		{4DF6A113-E67A-457C-9FCA-6AC8CDBFE365}.Release|Any CPU.Build.0 = Release|Any CPU
		{4DF6A113-E67A-457C-9FCA-6AC8CDBFE365}.Release|x64.ActiveCfg = Release|Any CPU
		{4DF6A113-E67A-457C-9FCA-6AC8CDBFE365}.Release|x64.Build.0 = Release|Any CPU
		{4DF6A113-E67A-457C-9FCA-6AC8CDBFE365}.Release|x86.ActiveCfg = Release|Any CPU
		{4DF6A113-E67A-457C-9FCA-6AC8CDBFE365}.Release|x86.Build.0 = Release|Any CPU
		{C54B30E6-F38E-4E2E-9EE2-08035BBE6A6E}.Debug|Any CPU.ActiveCfg = Debug|Any CPU
		{C54B30E6-F38E-4E2E-9EE2-08035BBE6A6E}.Debug|Any CPU.Build.0 = Debug|Any CPU
		{C54B30E6-F38E-4E2E-9EE2-08035BBE6A6E}.Debug|x64.ActiveCfg = Debug|Any CPU
		{C54B30E6-F38E-4E2E-9EE2-08035BBE6A6E}.Debug|x64.Build.0 = Debug|Any CPU
		{C54B30E6-F38E-4E2E-9EE2-08035BBE6A6E}.Debug|x86.ActiveCfg = Debug|Any CPU
		{C54B30E6-F38E-4E2E-9EE2-08035BBE6A6E}.Debug|x86.Build.0 = Debug|Any CPU
		{C54B30E6-F38E-4E2E-9EE2-08035BBE6A6E}.Release|Any CPU.ActiveCfg = Release|Any CPU
		{C54B30E6-F38E-4E2E-9EE2-08035BBE6A6E}.Release|Any CPU.Build.0 = Release|Any CPU
		{C54B30E6-F38E-4E2E-9EE2-08035BBE6A6E}.Release|x64.ActiveCfg = Release|Any CPU
		{C54B30E6-F38E-4E2E-9EE2-08035BBE6A6E}.Release|x64.Build.0 = Release|Any CPU
		{C54B30E6-F38E-4E2E-9EE2-08035BBE6A6E}.Release|x86.ActiveCfg = Release|Any CPU
		{C54B30E6-F38E-4E2E-9EE2-08035BBE6A6E}.Release|x86.Build.0 = Release|Any CPU
		{D21C1B64-DDC6-49D8-96C7-B6D9DE9707FC}.Debug|Any CPU.ActiveCfg = Debug|Any CPU
		{D21C1B64-DDC6-49D8-96C7-B6D9DE9707FC}.Debug|Any CPU.Build.0 = Debug|Any CPU
		{D21C1B64-DDC6-49D8-96C7-B6D9DE9707FC}.Debug|x64.ActiveCfg = Debug|Any CPU
		{D21C1B64-DDC6-49D8-96C7-B6D9DE9707FC}.Debug|x64.Build.0 = Debug|Any CPU
		{D21C1B64-DDC6-49D8-96C7-B6D9DE9707FC}.Debug|x86.ActiveCfg = Debug|Any CPU
		{D21C1B64-DDC6-49D8-96C7-B6D9DE9707FC}.Debug|x86.Build.0 = Debug|Any CPU
		{D21C1B64-DDC6-49D8-96C7-B6D9DE9707FC}.Release|Any CPU.ActiveCfg = Release|Any CPU
		{D21C1B64-DDC6-49D8-96C7-B6D9DE9707FC}.Release|Any CPU.Build.0 = Release|Any CPU
		{D21C1B64-DDC6-49D8-96C7-B6D9DE9707FC}.Release|x64.ActiveCfg = Release|Any CPU
		{D21C1B64-DDC6-49D8-96C7-B6D9DE9707FC}.Release|x64.Build.0 = Release|Any CPU
		{D21C1B64-DDC6-49D8-96C7-B6D9DE9707FC}.Release|x86.ActiveCfg = Release|Any CPU
		{D21C1B64-DDC6-49D8-96C7-B6D9DE9707FC}.Release|x86.Build.0 = Release|Any CPU
		{D0991F52-2047-40AE-9007-1205D8248359}.Debug|Any CPU.ActiveCfg = Debug|Any CPU
		{D0991F52-2047-40AE-9007-1205D8248359}.Debug|Any CPU.Build.0 = Debug|Any CPU
		{D0991F52-2047-40AE-9007-1205D8248359}.Debug|x64.ActiveCfg = Debug|Any CPU
		{D0991F52-2047-40AE-9007-1205D8248359}.Debug|x64.Build.0 = Debug|Any CPU
		{D0991F52-2047-40AE-9007-1205D8248359}.Debug|x86.ActiveCfg = Debug|Any CPU
		{D0991F52-2047-40AE-9007-1205D8248359}.Debug|x86.Build.0 = Debug|Any CPU
		{D0991F52-2047-40AE-9007-1205D8248359}.Release|Any CPU.ActiveCfg = Release|Any CPU
		{D0991F52-2047-40AE-9007-1205D8248359}.Release|Any CPU.Build.0 = Release|Any CPU
		{D0991F52-2047-40AE-9007-1205D8248359}.Release|x64.ActiveCfg = Release|Any CPU
		{D0991F52-2047-40AE-9007-1205D8248359}.Release|x64.Build.0 = Release|Any CPU
		{D0991F52-2047-40AE-9007-1205D8248359}.Release|x86.ActiveCfg = Release|Any CPU
		{D0991F52-2047-40AE-9007-1205D8248359}.Release|x86.Build.0 = Release|Any CPU
	EndGlobalSection
	GlobalSection(NestedProjects) = preSolution
		{36DD206D-C272-45EA-8932-41D15037957A} = {996657A9-54A2-4F49-880B-0F8D42129E01}
		{EDEBC8A1-A0A7-47DC-850B-15FB2D2F9768} = {996657A9-54A2-4F49-880B-0F8D42129E01}
		{DAF3E51D-349B-496B-94C4-E7F9ED72C78D} = {F1950E21-2761-474F-8E07-BB21D24B65A0}
		{B6635B0C-2291-448B-B5AE-ED668DA2DF3B} = {F1950E21-2761-474F-8E07-BB21D24B65A0}
		{4DF6A113-E67A-457C-9FCA-6AC8CDBFE365} = {F1950E21-2761-474F-8E07-BB21D24B65A0}
	EndGlobalSection
EndGlobal
